
Microsoft Visual Studio Solution File, Format Version 12.00
# Visual Studio 15
VisualStudioVersion = 15.0.27703.2042
MinimumVisualStudioVersion = 10.0.40219.1
Project("{FAE04EC0-301F-11D3-BF4B-00C04F79EFBC}") = "QNAMakerLibrary", "QNAMakerLibrary\QNAMakerLibrary.csproj", "{CB6719C2-DAD3-4895-8777-116D5602D476}"
EndProject
Project("{FAE04EC0-301F-11D3-BF4B-00C04F79EFBC}") = "QNAMakerLibrary.Console", "QNAMakerLibrary.Console\QNAMakerLibrary.Console.csproj", "{0B5DFDA8-FFDA-4D9B-BF65-1256BEB80D49}"
EndProject
Global
	GlobalSection(SolutionConfigurationPlatforms) = preSolution
		Debug|Any CPU = Debug|Any CPU
		Release|Any CPU = Release|Any CPU
	EndGlobalSection
	GlobalSection(ProjectConfigurationPlatforms) = postSolution		
		{CB6719C2-DAD3-4895-8777-116D5602D476}.Debug|Any CPU.ActiveCfg = Debug|Any CPU
		{CB6719C2-DAD3-4895-8777-116D5602D476}.Debug|Any CPU.Build.0 = Debug|Any CPU
		{CB6719C2-DAD3-4895-8777-116D5602D476}.Release|Any CPU.ActiveCfg = Release|Any CPU
		{CB6719C2-DAD3-4895-8777-116D5602D476}.Release|Any CPU.Build.0 = Release|Any CPU
		{0B5DFDA8-FFDA-4D9B-BF65-1256BEB80D49}.Debug|Any CPU.ActiveCfg = Debug|Any CPU
		{0B5DFDA8-FFDA-4D9B-BF65-1256BEB80D49}.Debug|Any CPU.Build.0 = Debug|Any CPU
		{0B5DFDA8-FFDA-4D9B-BF65-1256BEB80D49}.Release|Any CPU.ActiveCfg = Release|Any CPU
		{0B5DFDA8-FFDA-4D9B-BF65-1256BEB80D49}.Release|Any CPU.Build.0 = Release|Any CPU
	EndGlobalSection
	GlobalSection(SolutionProperties) = preSolution
		HideSolutionNode = FALSE
	EndGlobalSection
	GlobalSection(ExtensibilityGlobals) = postSolution
		SolutionGuid = {E83D244E-F90B-4EDF-B0F1-572992E34378}
	EndGlobalSection
EndGlobal
